// !$*UTF8*$!
{
	archiveVersion = 1;
	classes = {
	};
	objectVersion = 54;
	objects = {

/* Begin PBXBuildFile section */
		1001 /* SevenApp.swift in Sources */ = {isa = PBXBuildFile; fileRef = 2001 /* SevenApp.swift */; };
		1002 /* ContentView.swift in Sources */ = {isa = PBXBuildFile; fileRef = 2002 /* ContentView.swift */; };
		1003 /* AppState.swift in Sources */ = {isa = PBXBuildFile; fileRef = 2003 /* AppState.swift */; };
		1004 /* Models.swift in Sources */ = {isa = PBXBuildFile; fileRef = 2004 /* Models.swift */; };
		1005 /* Colors.swift in Sources */ = {isa = PBXBuildFile; fileRef = 2005 /* Colors.swift */; };
		1006 /* Typography.swift in Sources */ = {isa = PBXBuildFile; fileRef = 2006 /* Typography.swift */; };
		1007 /* Styling.swift in Sources */ = {isa = PBXBuildFile; fileRef = 2007 /* Styling.swift */; };
		1008 /* View+Extensions.swift in Sources */ = {isa = PBXBuildFile; fileRef = 2008 /* View+Extensions.swift */; };
		1009 /* OnboardingContainerView.swift in Sources */ = {isa = PBXBuildFile; fileRef = 2009 /* OnboardingContainerView.swift */; };
		1010 /* WelcomeView.swift in Sources */ = {isa = PBXBuildFile; fileRef = 2010 /* WelcomeView.swift */; };
		1011 /* HowItWorksView.swift in Sources */ = {isa = PBXBuildFile; fileRef = 2011 /* HowItWorksView.swift */; };
		1012 /* WhyItWorksView.swift in Sources */ = {isa = PBXBuildFile; fileRef = 2012 /* WhyItWorksView.swift */; };
		1013 /* SetGoalsView.swift in Sources */ = {isa = PBXBuildFile; fileRef = 2013 /* SetGoalsView.swift */; };
		1014 /* PaywallView.swift in Sources */ = {isa = PBXBuildFile; fileRef = 2014 /* PaywallView.swift */; };
		1015 /* DashboardView.swift in Sources */ = {isa = PBXBuildFile; fileRef = 2015 /* DashboardView.swift */; };
		1016 /* CreditRingView.swift in Sources */ = {isa = PBXBuildFile; fileRef = 2016 /* CreditRingView.swift */; };
		1017 /* DailySummaryCard.swift in Sources */ = {isa = PBXBuildFile; fileRef = 2017 /* DailySummaryCard.swift */; };
		1018 /* AppUsageCard.swift in Sources */ = {isa = PBXBuildFile; fileRef = 2018 /* AppUsageCard.swift */; };
		1019 /* GoalsView.swift in Sources */ = {isa = PBXBuildFile; fileRef = 2019 /* GoalsView.swift */; };
		1020 /* CreditHistoryView.swift in Sources */ = {isa = PBXBuildFile; fileRef = 2020 /* CreditHistoryView.swift */; };
		1021 /* SubscriptionView.swift in Sources */ = {isa = PBXBuildFile; fileRef = 2021 /* SubscriptionView.swift */; };
		1022 /* TopUpSheet.swift in Sources */ = {isa = PBXBuildFile; fileRef = 2022 /* TopUpSheet.swift */; };
		1023 /* SettingsView.swift in Sources */ = {isa = PBXBuildFile; fileRef = 2023 /* SettingsView.swift */; };
		1024 /* CreditLossAlert.swift in Sources */ = {isa = PBXBuildFile; fileRef = 2024 /* CreditLossAlert.swift */; };
		1025 /* LoadingView.swift in Sources */ = {isa = PBXBuildFile; fileRef = 2025 /* LoadingView.swift */; };
		1026 /* SuccessToast.swift in Sources */ = {isa = PBXBuildFile; fileRef = 2026 /* SuccessToast.swift */; };
		1084 /* BlockedAppModal.swift in Sources */ = {isa = PBXBuildFile; fileRef = 3032 /* BlockedAppModal.swift */; };
		1085 /* DeviceActivityExtensions.swift in Sources */ = {isa = PBXBuildFile; fileRef = 3033 /* DeviceActivityExtensions.swift */; };
		1027 /* AnimatedNumber.swift in Sources */ = {isa = PBXBuildFile; fileRef = 2027 /* AnimatedNumber.swift */; };
		1028 /* Se7enWordmark.swift in Sources */ = {isa = PBXBuildFile; fileRef = 2028 /* Se7enWordmark.swift */; };
		1029 /* StreakView.swift in Sources */ = {isa = PBXBuildFile; fileRef = 2029 /* StreakView.swift */; };
		1030 /* AchievementsView.swift in Sources */ = {isa = PBXBuildFile; fileRef = 2030 /* AchievementsView.swift */; };
		1031 /* FAQView.swift in Sources */ = {isa = PBXBuildFile; fileRef = 2031 /* FAQView.swift */; };
		1032 /* SupportView.swift in Sources */ = {isa = PBXBuildFile; fileRef = 2032 /* SupportView.swift */; };
		1033 /* PrivacyPolicyView.swift in Sources */ = {isa = PBXBuildFile; fileRef = 2033 /* PrivacyPolicyView.swift */; };
		1034 /* TermsOfServiceView.swift in Sources */ = {isa = PBXBuildFile; fileRef = 2034 /* TermsOfServiceView.swift */; };
		1035 /* CoreDataManager.swift in Sources */ = {isa = PBXBuildFile; fileRef = 2035 /* CoreDataManager.swift */; };
		1036 /* ScreenTimeService.swift in Sources */ = {isa = PBXBuildFile; fileRef = 2036 /* ScreenTimeService.swift */; };
		1037 /* NotificationService.swift in Sources */ = {isa = PBXBuildFile; fileRef = 2037 /* NotificationService.swift */; };
		1038 /* DeviceActivityMonitorExtension.swift in Sources */ = {isa = PBXBuildFile; fileRef = 2038 /* DeviceActivityMonitorExtension.swift */; };
		1044 /* FamilyActivityService.swift in Sources */ = {isa = PBXBuildFile; fileRef = 2063 /* FamilyActivityService.swift */; };
		1039 /* StoreKitService.swift in Sources */ = {isa = PBXBuildFile; fileRef = 2039 /* StoreKitService.swift */; };
		1040 /* SE7ENDataModel.xcdatamodeld in Sources */ = {isa = PBXBuildFile; fileRef = 2040 /* SE7ENDataModel.xcdatamodeld */; };
		1041 /* AppDiscoveryService.swift in Sources */ = {isa = PBXBuildFile; fileRef = 2044 /* AppDiscoveryService.swift */; };
		1042 /* RealAppDiscoveryService.swift in Sources */ = {isa = PBXBuildFile; fileRef = 2060 /* RealAppDiscoveryService.swift */; };
		1043 /* CategoryAppSelectionView.swift in Sources */ = {isa = PBXBuildFile; fileRef = 2061 /* CategoryAppSelectionView.swift */; };
		1045 /* PetSelectionView.swift in Sources */ = {isa = PBXBuildFile; fileRef = 2045 /* PetSelectionView.swift */; };
		1046 /* PetPreviewView.swift in Sources */ = {isa = PBXBuildFile; fileRef = 2046 /* PetPreviewView.swift */; };
		1047 /* VideoIntroductionView.swift in Sources */ = {isa = PBXBuildFile; fileRef = 2062 /* VideoIntroductionView.swift */; };
		1048 /* MotivationView.swift in Sources */ = {isa = PBXBuildFile; fileRef = 2047 /* MotivationView.swift */; };
		1049 /* DidYouKnowView.swift in Sources */ = {isa = PBXBuildFile; fileRef = 2048 /* DidYouKnowView.swift */; };
		1050 /* ScreenTimeInputView.swift in Sources */ = {isa = PBXBuildFile; fileRef = 2049 /* ScreenTimeInputView.swift */; };
		1051 /* LifetimeCalculationView.swift in Sources */ = {isa = PBXBuildFile; fileRef = 2050 /* LifetimeCalculationView.swift */; };
		1052 /* ScreenTimeConnectionView.swift in Sources */ = {isa = PBXBuildFile; fileRef = 2051 /* ScreenTimeConnectionView.swift */; };
		1056 /* PetHealthCard.swift in Sources */ = {isa = PBXBuildFile; fileRef = 2052 /* PetHealthCard.swift */; };
		1054 /* WhyChooseSE7ENView.swift in Sources */ = {isa = PBXBuildFile; fileRef = 2053 /* WhyChooseSE7ENView.swift */; };
		1055 /* OnboardingBackButton.swift in Sources */ = {isa = PBXBuildFile; fileRef = 2054 /* OnboardingBackButton.swift */; };
		1057 /* OnboardingHeader.swift in Sources */ = {isa = PBXBuildFile; fileRef = 2055 /* OnboardingHeader.swift */; };
		1078 /* Assets.xcassets in Resources */ = {isa = PBXBuildFile; fileRef = 3026 /* Assets.xcassets */; };
		1079 /* dogintro.mp4 in Resources */ = {isa = PBXBuildFile; fileRef = 3027 /* dogintro.mp4 */; };
		1080 /* catintro.mp4 in Resources */ = {isa = PBXBuildFile; fileRef = 3028 /* catintro.mp4 */; };
		1081 /* bunnyintro.mp4 in Resources */ = {isa = PBXBuildFile; fileRef = 3029 /* bunnyintro.mp4 */; };
		1082 /* hamsterintro.mp4 in Resources */ = {isa = PBXBuildFile; fileRef = 3030 /* hamsterintro.mp4 */; };
		1083 /* horseintro.mp4 in Resources */ = {isa = PBXBuildFile; fileRef = 3031 /* horseintro.mp4 */; };
/* End PBXBuildFile section */

/* Begin PBXFileReference section */
		100 /* Seven.app */ = {isa = PBXFileReference; explicitFileType = wrapper.application; includeInIndex = 0; path = Seven.app; sourceTree = BUILT_PRODUCTS_DIR; };
		2001 /* SevenApp.swift */ = {isa = PBXFileReference; lastKnownFileType = sourcecode.swift; path = SevenApp.swift; sourceTree = "<group>"; };
		2002 /* ContentView.swift */ = {isa = PBXFileReference; lastKnownFileType = sourcecode.swift; path = Views/ContentView.swift; sourceTree = "<group>"; };
		2003 /* AppState.swift */ = {isa = PBXFileReference; lastKnownFileType = sourcecode.swift; path = Models/AppState.swift; sourceTree = "<group>"; };
		2004 /* Models.swift */ = {isa = PBXFileReference; lastKnownFileType = sourcecode.swift; path = Models/Models.swift; sourceTree = "<group>"; };
		2005 /* Colors.swift */ = {isa = PBXFileReference; lastKnownFileType = sourcecode.swift; path = DesignSystem/Colors.swift; sourceTree = "<group>"; };
		2006 /* Typography.swift */ = {isa = PBXFileReference; lastKnownFileType = sourcecode.swift; path = DesignSystem/Typography.swift; sourceTree = "<group>"; };
		2007 /* Styling.swift */ = {isa = PBXFileReference; lastKnownFileType = sourcecode.swift; path = DesignSystem/Styling.swift; sourceTree = "<group>"; };
		2008 /* View+Extensions.swift */ = {isa = PBXFileReference; lastKnownFileType = sourcecode.swift; path = "Extensions/View+Extensions.swift"; sourceTree = "<group>"; };
		2009 /* OnboardingContainerView.swift */ = {isa = PBXFileReference; lastKnownFileType = sourcecode.swift; path = Views/Onboarding/OnboardingContainerView.swift; sourceTree = "<group>"; };
		2010 /* WelcomeView.swift */ = {isa = PBXFileReference; lastKnownFileType = sourcecode.swift; path = Views/Onboarding/WelcomeView.swift; sourceTree = "<group>"; };
		2011 /* HowItWorksView.swift */ = {isa = PBXFileReference; lastKnownFileType = sourcecode.swift; path = Views/Onboarding/HowItWorksView.swift; sourceTree = "<group>"; };
		2012 /* WhyItWorksView.swift */ = {isa = PBXFileReference; lastKnownFileType = sourcecode.swift; path = Views/Onboarding/WhyItWorksView.swift; sourceTree = "<group>"; };
		2013 /* SetGoalsView.swift */ = {isa = PBXFileReference; lastKnownFileType = sourcecode.swift; path = Views/Onboarding/SetGoalsView.swift; sourceTree = "<group>"; };
		2014 /* PaywallView.swift */ = {isa = PBXFileReference; lastKnownFileType = sourcecode.swift; path = Views/Onboarding/PaywallView.swift; sourceTree = "<group>"; };
		2015 /* DashboardView.swift */ = {isa = PBXFileReference; lastKnownFileType = sourcecode.swift; path = Views/Dashboard/DashboardView.swift; sourceTree = "<group>"; };
		2016 /* CreditRingView.swift */ = {isa = PBXFileReference; lastKnownFileType = sourcecode.swift; path = Views/Dashboard/CreditRingView.swift; sourceTree = "<group>"; };
		2017 /* DailySummaryCard.swift */ = {isa = PBXFileReference; lastKnownFileType = sourcecode.swift; path = Views/Dashboard/DailySummaryCard.swift; sourceTree = "<group>"; };
		2018 /* AppUsageCard.swift */ = {isa = PBXFileReference; lastKnownFileType = sourcecode.swift; path = Views/Dashboard/AppUsageCard.swift; sourceTree = "<group>"; };
		2019 /* GoalsView.swift */ = {isa = PBXFileReference; lastKnownFileType = sourcecode.swift; path = Views/Goals/GoalsView.swift; sourceTree = "<group>"; };
		2020 /* CreditHistoryView.swift */ = {isa = PBXFileReference; lastKnownFileType = sourcecode.swift; path = Views/Credits/CreditHistoryView.swift; sourceTree = "<group>"; };
		2021 /* SubscriptionView.swift */ = {isa = PBXFileReference; lastKnownFileType = sourcecode.swift; path = Views/Subscription/SubscriptionView.swift; sourceTree = "<group>"; };
		2022 /* TopUpSheet.swift */ = {isa = PBXFileReference; lastKnownFileType = sourcecode.swift; path = Views/Subscription/TopUpSheet.swift; sourceTree = "<group>"; };
		2023 /* SettingsView.swift */ = {isa = PBXFileReference; lastKnownFileType = sourcecode.swift; path = Views/Settings/SettingsView.swift; sourceTree = "<group>"; };
		2024 /* CreditLossAlert.swift */ = {isa = PBXFileReference; lastKnownFileType = sourcecode.swift; path = Components/CreditLossAlert.swift; sourceTree = "<group>"; };
		2025 /* LoadingView.swift */ = {isa = PBXFileReference; lastKnownFileType = sourcecode.swift; path = Components/LoadingView.swift; sourceTree = "<group>"; };
		2026 /* SuccessToast.swift */ = {isa = PBXFileReference; lastKnownFileType = sourcecode.swift; path = Components/SuccessToast.swift; sourceTree = "<group>"; };
		3032 /* BlockedAppModal.swift */ = {isa = PBXFileReference; lastKnownFileType = sourcecode.swift; path = "Views/Components/BlockedAppModal.swift"; sourceTree = "<group>"; };
		3033 /* DeviceActivityExtensions.swift */ = {isa = PBXFileReference; lastKnownFileType = sourcecode.swift; path = "Extensions/DeviceActivityExtensions.swift"; sourceTree = "<group>"; };
		2027 /* AnimatedNumber.swift */ = {isa = PBXFileReference; lastKnownFileType = sourcecode.swift; path = Components/AnimatedNumber.swift; sourceTree = "<group>"; };
		2028 /* Se7enWordmark.swift */ = {isa = PBXFileReference; lastKnownFileType = sourcecode.swift; path = Components/Se7enWordmark.swift; sourceTree = "<group>"; };
		2029 /* StreakView.swift */ = {isa = PBXFileReference; lastKnownFileType = sourcecode.swift; path = Components/StreakView.swift; sourceTree = "<group>"; };
		2030 /* AchievementsView.swift */ = {isa = PBXFileReference; lastKnownFileType = sourcecode.swift; path = Views/Achievements/AchievementsView.swift; sourceTree = "<group>"; };
		2031 /* FAQView.swift */ = {isa = PBXFileReference; lastKnownFileType = sourcecode.swift; path = Views/Settings/FAQView.swift; sourceTree = "<group>"; };
		2032 /* SupportView.swift */ = {isa = PBXFileReference; lastKnownFileType = sourcecode.swift; path = Views/Settings/SupportView.swift; sourceTree = "<group>"; };
		2033 /* PrivacyPolicyView.swift */ = {isa = PBXFileReference; lastKnownFileType = sourcecode.swift; path = Views/Settings/PrivacyPolicyView.swift; sourceTree = "<group>"; };
		2034 /* TermsOfServiceView.swift */ = {isa = PBXFileReference; lastKnownFileType = sourcecode.swift; path = Views/Settings/TermsOfServiceView.swift; sourceTree = "<group>"; };
		2035 /* CoreDataManager.swift */ = {isa = PBXFileReference; lastKnownFileType = sourcecode.swift; path = Models/CoreData/CoreDataManager.swift; sourceTree = "<group>"; };
		2036 /* ScreenTimeService.swift */ = {isa = PBXFileReference; lastKnownFileType = sourcecode.swift; path = Services/ScreenTimeService.swift; sourceTree = "<group>"; };
		2037 /* NotificationService.swift */ = {isa = PBXFileReference; lastKnownFileType = sourcecode.swift; path = Services/NotificationService.swift; sourceTree = "<group>"; };
		2038 /* DeviceActivityMonitorExtension.swift */ = {isa = PBXFileReference; lastKnownFileType = sourcecode.swift; path = Services/DeviceActivityMonitorExtension.swift; sourceTree = "<group>"; };
		2063 /* FamilyActivityService.swift */ = {isa = PBXFileReference; lastKnownFileType = sourcecode.swift; path = Services/FamilyActivityService.swift; sourceTree = "<group>"; };
		2039 /* StoreKitService.swift */ = {isa = PBXFileReference; lastKnownFileType = sourcecode.swift; path = Services/StoreKitService.swift; sourceTree = "<group>"; };
		2041 /* SE7ENDataModel.xcdatamodel */ = {isa = PBXFileReference; lastKnownFileType = wrapper.xcdatamodel; path = SE7ENDataModel.xcdatamodel; sourceTree = "<group>"; };
		2042 /* Seven.entitlements */ = {isa = PBXFileReference; lastKnownFileType = text.plist.entitlements; path = Seven.entitlements; sourceTree = "<group>"; };
		2043 /* Info.plist */ = {isa = PBXFileReference; lastKnownFileType = text.plist.xml; path = Info.plist; sourceTree = "<group>"; };
		2044 /* AppDiscoveryService.swift */ = {isa = PBXFileReference; lastKnownFileType = sourcecode.swift; path = Services/AppDiscoveryService.swift; sourceTree = "<group>"; };
		2060 /* RealAppDiscoveryService.swift */ = {isa = PBXFileReference; lastKnownFileType = sourcecode.swift; path = Services/RealAppDiscoveryService.swift; sourceTree = "<group>"; };
		2061 /* CategoryAppSelectionView.swift */ = {isa = PBXFileReference; lastKnownFileType = sourcecode.swift; path = Views/Dashboard/CategoryAppSelectionView.swift; sourceTree = "<group>"; };
		2045 /* PetSelectionView.swift */ = {isa = PBXFileReference; lastKnownFileType = sourcecode.swift; path = Views/Onboarding/PetSelectionView.swift; sourceTree = "<group>"; };
		2046 /* PetPreviewView.swift */ = {isa = PBXFileReference; lastKnownFileType = sourcecode.swift; path = Views/Onboarding/PetPreviewView.swift; sourceTree = "<group>"; };
		2062 /* VideoIntroductionView.swift */ = {isa = PBXFileReference; lastKnownFileType = sourcecode.swift; path = Views/Onboarding/VideoIntroductionView.swift; sourceTree = "<group>"; };
		2047 /* MotivationView.swift */ = {isa = PBXFileReference; lastKnownFileType = sourcecode.swift; path = Views/Onboarding/MotivationView.swift; sourceTree = "<group>"; };
		2048 /* DidYouKnowView.swift */ = {isa = PBXFileReference; lastKnownFileType = sourcecode.swift; path = Views/Onboarding/DidYouKnowView.swift; sourceTree = "<group>"; };
		2049 /* ScreenTimeInputView.swift */ = {isa = PBXFileReference; lastKnownFileType = sourcecode.swift; path = Views/Onboarding/ScreenTimeInputView.swift; sourceTree = "<group>"; };
		2050 /* LifetimeCalculationView.swift */ = {isa = PBXFileReference; lastKnownFileType = sourcecode.swift; path = Views/Onboarding/LifetimeCalculationView.swift; sourceTree = "<group>"; };
		2051 /* ScreenTimeConnectionView.swift */ = {isa = PBXFileReference; lastKnownFileType = sourcecode.swift; path = Views/Onboarding/ScreenTimeConnectionView.swift; sourceTree = "<group>"; };
		2052 /* PetHealthCard.swift */ = {isa = PBXFileReference; lastKnownFileType = sourcecode.swift; path = Views/Dashboard/PetHealthCard.swift; sourceTree = "<group>"; };
		2053 /* WhyChooseSE7ENView.swift */ = {isa = PBXFileReference; lastKnownFileType = sourcecode.swift; path = Views/Onboarding/WhyChooseSE7ENView.swift; sourceTree = "<group>"; };
		2054 /* OnboardingBackButton.swift */ = {isa = PBXFileReference; lastKnownFileType = sourcecode.swift; path = Views/Onboarding/OnboardingBackButton.swift; sourceTree = "<group>"; };
		2055 /* OnboardingHeader.swift */ = {isa = PBXFileReference; lastKnownFileType = sourcecode.swift; path = Views/Onboarding/OnboardingHeader.swift; sourceTree = "<group>"; };
		3026 /* Assets.xcassets */ = {isa = PBXFileReference; lastKnownFileType = folder.assetcatalog; path = Assets.xcassets; sourceTree = "<group>"; };
		3027 /* dogintro.mp4 */ = {isa = PBXFileReference; lastKnownFileType = file; path = dogintro.mp4; sourceTree = "<group>"; };
		3028 /* catintro.mp4 */ = {isa = PBXFileReference; lastKnownFileType = file; path = catintro.mp4; sourceTree = "<group>"; };
		3029 /* bunnyintro.mp4 */ = {isa = PBXFileReference; lastKnownFileType = file; path = bunnyintro.mp4; sourceTree = "<group>"; };
		3030 /* hamsterintro.mp4 */ = {isa = PBXFileReference; lastKnownFileType = file; path = hamsterintro.mp4; sourceTree = "<group>"; };
		3031 /* horseintro.mp4 */ = {isa = PBXFileReference; lastKnownFileType = file; path = horseintro.mp4; sourceTree = "<group>"; };
/* End PBXFileReference section */

/* Begin PBXFrameworksBuildPhase section */
		97 /* Frameworks */ = {
			isa = PBXFrameworksBuildPhase;
			buildActionMask = 2147483647;
			files = (
			);
			runOnlyForDeploymentPostprocessing = 0;
		};
/* End PBXFrameworksBuildPhase section */

/* Begin PBXGroup section */
		89 = {
			isa = PBXGroup;
			children = (
				90 /* Seven */,
				99 /* Products */,
			);
			sourceTree = "<group>";
		};
		90 /* Seven */ = {
			isa = PBXGroup;
			children = (
				2001 /* SevenApp.swift */,
				2042 /* Seven.entitlements */,
				2043 /* Info.plist */,
				3026 /* Assets.xcassets */,
				3027 /* dogintro.mp4 */,
				3028 /* catintro.mp4 */,
				3029 /* bunnyintro.mp4 */,
				3030 /* hamsterintro.mp4 */,
				3031 /* horseintro.mp4 */,
				91 /* Models */,
				92 /* Views */,
				93 /* Components */,
				94 /* DesignSystem */,
				199 /* Extensions */,
				96 /* Services */,
			);
			sourceTree = "<group>";
		};
		91 /* Models */ = {
			isa = PBXGroup;
			children = (
				2003 /* AppState.swift */,
				2004 /* Models.swift */,
				101 /* CoreData */,
			);
			sourceTree = "<group>";
		};
		92 /* Views */ = {
			isa = PBXGroup;
			children = (
				2002 /* ContentView.swift */,
				102 /* Onboarding */,
				103 /* Dashboard */,
				104 /* Goals */,
				105 /* Credits */,
				106 /* Subscription */,
				107 /* Settings */,
				108 /* Achievements */,
			);
			sourceTree = "<group>";
		};
		93 /* Components */ = {
			isa = PBXGroup;
			children = (
				2024 /* CreditLossAlert.swift */,
				2025 /* LoadingView.swift */,
				2026 /* SuccessToast.swift */,
				3032 /* BlockedAppModal.swift */,
				2027 /* AnimatedNumber.swift */,
				2028 /* Se7enWordmark.swift */,
				2029 /* StreakView.swift */,
			);
			sourceTree = "<group>";
		};
		94 /* DesignSystem */ = {
			isa = PBXGroup;
			children = (
				2005 /* Colors.swift */,
				2006 /* Typography.swift */,
				2007 /* Styling.swift */,
			);
			sourceTree = "<group>";
		};
		199 /* Extensions */ = {
			isa = PBXGroup;
			children = (
				2008 /* View+Extensions.swift */,
				3033 /* DeviceActivityExtensions.swift */,
			);
			sourceTree = "<group>";
		};
		96 /* Services */ = {
			isa = PBXGroup;
			children = (
				2036 /* ScreenTimeService.swift */,
				2037 /* NotificationService.swift */,
				2038 /* DeviceActivityMonitorExtension.swift */,
				2063 /* FamilyActivityService.swift */,
				2039 /* StoreKitService.swift */,
				2044 /* AppDiscoveryService.swift */,
				2060 /* RealAppDiscoveryService.swift */,
			);
			sourceTree = "<group>";
		};
		99 /* Products */ = {
			isa = PBXGroup;
			children = (
				100 /* Seven.app */,
			);
			name = Products;
			sourceTree = "<group>";
		};
		101 /* CoreData */ = {
			isa = PBXGroup;
			children = (
				2035 /* CoreDataManager.swift */,
				2040 /* SE7ENDataModel.xcdatamodeld */,
			);
			sourceTree = "<group>";
		};
		102 /* Onboarding */ = {
			isa = PBXGroup;
			children = (
				2009 /* OnboardingContainerView.swift */,
				2010 /* WelcomeView.swift */,
				2045 /* PetSelectionView.swift */,
				2046 /* PetPreviewView.swift */,
				2062 /* VideoIntroductionView.swift */,
				2047 /* MotivationView.swift */,
				2048 /* DidYouKnowView.swift */,
				2049 /* ScreenTimeInputView.swift */,
				2050 /* LifetimeCalculationView.swift */,
				2051 /* ScreenTimeConnectionView.swift */,
				2011 /* HowItWorksView.swift */,
				2012 /* WhyItWorksView.swift */,
				2013 /* SetGoalsView.swift */,
				2014 /* PaywallView.swift */,
			);
			sourceTree = "<group>";
		};
		103 /* Dashboard */ = {
			isa = PBXGroup;
			children = (
				2015 /* DashboardView.swift */,
				2061 /* CategoryAppSelectionView.swift */,
				2052 /* PetHealthCard.swift */,
				2016 /* CreditRingView.swift */,
				2017 /* DailySummaryCard.swift */,
				2018 /* AppUsageCard.swift */,
			);
			sourceTree = "<group>";
		};
		104 /* Goals */ = {
			isa = PBXGroup;
			children = (
				2019 /* GoalsView.swift */,
			);
			sourceTree = "<group>";
		};
		105 /* Credits */ = {
			isa = PBXGroup;
			children = (
				2020 /* CreditHistoryView.swift */,
			);
			sourceTree = "<group>";
		};
		106 /* Subscription */ = {
			isa = PBXGroup;
			children = (
				2021 /* SubscriptionView.swift */,
				2022 /* TopUpSheet.swift */,
			);
			sourceTree = "<group>";
		};
		107 /* Settings */ = {
			isa = PBXGroup;
			children = (
				2023 /* SettingsView.swift */,
				2031 /* FAQView.swift */,
				2032 /* SupportView.swift */,
				2033 /* PrivacyPolicyView.swift */,
				2034 /* TermsOfServiceView.swift */,
			);
			sourceTree = "<group>";
		};
		108 /* Achievements */ = {
			isa = PBXGroup;
			children = (
				2030 /* AchievementsView.swift */,
			);
			sourceTree = "<group>";
		};
/* End PBXGroup section */

/* Begin PBXNativeTarget section */
		98 /* Seven */ = {
			isa = PBXNativeTarget;
			buildConfigurationList = 88 /* Build configuration list for PBXNativeTarget "Seven" */;
			buildPhases = (
				95 /* Sources */,
				97 /* Frameworks */,
				200 /* Resources */,
			);
			buildRules = (
			);
			dependencies = (
			);
			name = Seven;
			productName = Seven;
			productReference = 100 /* Seven.app */;
			productType = "com.apple.product-type.application";
		};
/* End PBXNativeTarget section */

/* Begin PBXProject section */
		80 /* Project object */ = {
			isa = PBXProject;
			attributes = {
				BuildIndependentTargetsInParallel = 1;
				LastSwiftUpdateCheck = 1500;
				LastUpgradeCheck = 1500;
				TargetAttributes = {
					98 = {
						CreatedOnToolsVersion = 15.0;
						DevelopmentTeam = "";
						ProvisioningStyle = Automatic;
					};
				};
			};
			buildConfigurationList = 87 /* Build configuration list for PBXProject "Seven" */;
			compatibilityVersion = "Xcode 13.0";
			developmentRegion = en;
			hasScannedForEncodings = 0;
			knownRegions = (
				en,
				Base,
			);
			mainGroup = 89;
			productRefGroup = 99 /* Products */;
			projectDirPath = "";
			projectRoot = "";
			targets = (
				98 /* Seven */,
			);
		};
/* End PBXProject section */

/* Begin PBXResourcesBuildPhase section */
		200 /* Resources */ = {
			isa = PBXResourcesBuildPhase;
			buildActionMask = 2147483647;
			files = (
				1078 /* Assets.xcassets in Resources */,
				1079 /* dogintro.mp4 in Resources */,
				1080 /* catintro.mp4 in Resources */,
				1081 /* bunnyintro.mp4 in Resources */,
				1082 /* hamsterintro.mp4 in Resources */,
				1083 /* horseintro.mp4 in Resources */,
			);
			runOnlyForDeploymentPostprocessing = 0;
		};
/* End PBXResourcesBuildPhase section */

/* Begin PBXSourcesBuildPhase section */
		95 /* Sources */ = {
			isa = PBXSourcesBuildPhase;
			buildActionMask = 2147483647;
			files = (
				1001 /* SevenApp.swift in Sources */,
				1002 /* ContentView.swift in Sources */,
				1003 /* AppState.swift in Sources */,
				1004 /* Models.swift in Sources */,
				1005 /* Colors.swift in Sources */,
				1006 /* Typography.swift in Sources */,
				1007 /* Styling.swift in Sources */,
				1008 /* View+Extensions.swift in Sources */,
				1009 /* OnboardingContainerView.swift in Sources */,
				1010 /* WelcomeView.swift in Sources */,
				1045 /* PetSelectionView.swift in Sources */,
				1046 /* PetPreviewView.swift in Sources */,
				1047 /* VideoIntroductionView.swift in Sources */,
				1048 /* MotivationView.swift in Sources */,
				1049 /* DidYouKnowView.swift in Sources */,
				1050 /* ScreenTimeInputView.swift in Sources */,
				1051 /* LifetimeCalculationView.swift in Sources */,
			1052 /* ScreenTimeConnectionView.swift in Sources */,
			1054 /* WhyChooseSE7ENView.swift in Sources */,
			1055 /* OnboardingBackButton.swift in Sources */,
			1057 /* OnboardingHeader.swift in Sources */,
			1011 /* HowItWorksView.swift in Sources */,
				1012 /* WhyItWorksView.swift in Sources */,
				1013 /* SetGoalsView.swift in Sources */,
				1014 /* PaywallView.swift in Sources */,
				1015 /* DashboardView.swift in Sources */,
				1056 /* PetHealthCard.swift in Sources */,
				1016 /* CreditRingView.swift in Sources */,
				1017 /* DailySummaryCard.swift in Sources */,
				1018 /* AppUsageCard.swift in Sources */,
				1019 /* GoalsView.swift in Sources */,
				1020 /* CreditHistoryView.swift in Sources */,
				1021 /* SubscriptionView.swift in Sources */,
				1022 /* TopUpSheet.swift in Sources */,
				1023 /* SettingsView.swift in Sources */,
				1024 /* CreditLossAlert.swift in Sources */,
				1025 /* LoadingView.swift in Sources */,
				1026 /* SuccessToast.swift in Sources */,
				1084 /* BlockedAppModal.swift in Sources */,
				1085 /* DeviceActivityExtensions.swift in Sources */,
				1027 /* AnimatedNumber.swift in Sources */,
				1028 /* Se7enWordmark.swift in Sources */,
				1029 /* StreakView.swift in Sources */,
				1030 /* AchievementsView.swift in Sources */,
				1031 /* FAQView.swift in Sources */,
				1032 /* SupportView.swift in Sources */,
				1033 /* PrivacyPolicyView.swift in Sources */,
				1034 /* TermsOfServiceView.swift in Sources */,
				1035 /* CoreDataManager.swift in Sources */,
				1036 /* ScreenTimeService.swift in Sources */,
				1037 /* NotificationService.swift in Sources */,
				1038 /* DeviceActivityMonitorExtension.swift in Sources */,
				1044 /* FamilyActivityService.swift in Sources */,
				1039 /* StoreKitService.swift in Sources */,
				1040 /* SE7ENDataModel.xcdatamodeld in Sources */,
				1041 /* AppDiscoveryService.swift in Sources */,
				1042 /* RealAppDiscoveryService.swift in Sources */,
				1043 /* CategoryAppSelectionView.swift in Sources */,
			);
			runOnlyForDeploymentPostprocessing = 0;
		};
/* End PBXSourcesBuildPhase section */

/* Begin XCBuildConfiguration section */
		81 /* Debug */ = {
			isa = XCBuildConfiguration;
			buildSettings = {
				ALWAYS_SEARCH_USER_PATHS = NO;
				ASSETCATALOG_COMPILER_GENERATE_SWIFT_ASSET_SYMBOL_EXTENSIONS = YES;
				CLANG_ANALYZER_NONNULL = YES;
				CLANG_ANALYZER_NUMBER_OBJECT_CONVERSION = YES_AGGRESSIVE;
				CLANG_CXX_LANGUAGE_STANDARD = "gnu++20";
				CLANG_ENABLE_MODULES = YES;
				CLANG_ENABLE_OBJC_ARC = YES;
				CLANG_ENABLE_OBJC_WEAK = YES;
				CLANG_WARN_BLOCK_CAPTURE_AUTORELEASING = YES;
				CLANG_WARN_BOOL_CONVERSION = YES;
				CLANG_WARN_COMMA = YES;
				CLANG_WARN_CONSTANT_CONVERSION = YES;
				CLANG_WARN_DEPRECATED_OBJC_IMPLEMENTATIONS = YES;
				CLANG_WARN_DIRECT_OBJC_ISA_USAGE = YES_ERROR;
				CLANG_WARN_DOCUMENTATION_COMMENTS = YES;
				CLANG_WARN_EMPTY_BODY = YES;
				CLANG_WARN_ENUM_CONVERSION = YES;
				CLANG_WARN_INFINITE_RECURSION = YES;
				CLANG_WARN_INT_CONVERSION = YES;
				CLANG_WARN_NON_LITERAL_NULL_CONVERSION = YES;
				CLANG_WARN_OBJC_IMPLICIT_RETAIN_SELF = YES;
				CLANG_WARN_OBJC_LITERAL_CONVERSION = YES;
				CLANG_WARN_OBJC_ROOT_CLASS = YES_ERROR;
				CLANG_WARN_QUOTED_INCLUDE_IN_FRAMEWORK_HEADER = YES;
				CLANG_WARN_RANGE_LOOP_ANALYSIS = YES;
				CLANG_WARN_STRICT_PROTOTYPES = YES;
				CLANG_WARN_SUSPICIOUS_MOVE = YES;
				CLANG_WARN_UNGUARDED_AVAILABILITY = YES_AGGRESSIVE;
				CLANG_WARN_UNREACHABLE_CODE = YES;
				CLANG_WARN__DUPLICATE_METHOD_MATCH = YES;
				COPY_PHASE_STRIP = NO;
				DEBUG_INFORMATION_FORMAT = dwarf;
				ENABLE_STRICT_OBJC_MSGSEND = YES;
				ENABLE_TESTABILITY = YES;
				ENABLE_USER_SCRIPT_SANDBOXING = YES;
				GCC_C_LANGUAGE_STANDARD = gnu17;
				GCC_DYNAMIC_NO_PIC = NO;
				GCC_NO_COMMON_BLOCKS = YES;
				GCC_OPTIMIZATION_LEVEL = 0;
				GCC_PREPROCESSOR_DEFINITIONS = (
					"DEBUG=1",
					"$(inherited)",
				);
				GCC_WARN_64_TO_32_BIT_CONVERSION = YES;
				GCC_WARN_ABOUT_RETURN_TYPE = YES_ERROR;
				GCC_WARN_UNDECLARED_SELECTOR = YES;
				GCC_WARN_UNINITIALIZED_AUTOS = YES_AGGRESSIVE;
				GCC_WARN_UNUSED_FUNCTION = YES;
				GCC_WARN_UNUSED_VARIABLE = YES;
				IPHONEOS_DEPLOYMENT_TARGET = 16.0;
				LOCALIZATION_PREFERS_STRING_CATALOGS = YES;
				MTL_ENABLE_DEBUG_INFO = INCLUDE_SOURCE;
				MTL_FAST_MATH = YES;
				ONLY_ACTIVE_ARCH = YES;
				SDKROOT = iphoneos;
				SWIFT_ACTIVE_COMPILATION_CONDITIONS = "DEBUG $(inherited)";
				SWIFT_OPTIMIZATION_LEVEL = "-Onone";
			};
			name = Debug;
		};
		82 /* Release */ = {
			isa = XCBuildConfiguration;
			buildSettings = {
				ALWAYS_SEARCH_USER_PATHS = NO;
				ASSETCATALOG_COMPILER_GENERATE_SWIFT_ASSET_SYMBOL_EXTENSIONS = YES;
				CLANG_ANALYZER_NONNULL = YES;
				CLANG_ANALYZER_NUMBER_OBJECT_CONVERSION = YES_AGGRESSIVE;
				CLANG_CXX_LANGUAGE_STANDARD = "gnu++20";
				CLANG_ENABLE_MODULES = YES;
				CLANG_ENABLE_OBJC_ARC = YES;
				CLANG_ENABLE_OBJC_WEAK = YES;
				CLANG_WARN_BLOCK_CAPTURE_AUTORELEASING = YES;
				CLANG_WARN_BOOL_CONVERSION = YES;
				CLANG_WARN_COMMA = YES;
				CLANG_WARN_CONSTANT_CONVERSION = YES;
				CLANG_WARN_DEPRECATED_OBJC_IMPLEMENTATIONS = YES;
				CLANG_WARN_DIRECT_OBJC_ISA_USAGE = YES_ERROR;
				CLANG_WARN_DOCUMENTATION_COMMENTS = YES;
				CLANG_WARN_EMPTY_BODY = YES;
				CLANG_WARN_ENUM_CONVERSION = YES;
				CLANG_WARN_INFINITE_RECURSION = YES;
				CLANG_WARN_INT_CONVERSION = YES;
				CLANG_WARN_NON_LITERAL_NULL_CONVERSION = YES;
				CLANG_WARN_OBJC_IMPLICIT_RETAIN_SELF = YES;
				CLANG_WARN_OBJC_LITERAL_CONVERSION = YES;
				CLANG_WARN_OBJC_ROOT_CLASS = YES_ERROR;
				CLANG_WARN_QUOTED_INCLUDE_IN_FRAMEWORK_HEADER = YES;
				CLANG_WARN_RANGE_LOOP_ANALYSIS = YES;
				CLANG_WARN_STRICT_PROTOTYPES = YES;
				CLANG_WARN_SUSPICIOUS_MOVE = YES;
				CLANG_WARN_UNGUARDED_AVAILABILITY = YES_AGGRESSIVE;
				CLANG_WARN_UNREACHABLE_CODE = YES;
				CLANG_WARN__DUPLICATE_METHOD_MATCH = YES;
				COPY_PHASE_STRIP = NO;
				DEBUG_INFORMATION_FORMAT = "dwarf-with-dsym";
				ENABLE_NS_ASSERTIONS = NO;
				ENABLE_STRICT_OBJC_MSGSEND = YES;
				ENABLE_USER_SCRIPT_SANDBOXING = YES;
				GCC_C_LANGUAGE_STANDARD = gnu17;
				GCC_NO_COMMON_BLOCKS = YES;
				GCC_WARN_64_TO_32_BIT_CONVERSION = YES;
				GCC_WARN_ABOUT_RETURN_TYPE = YES_ERROR;
				GCC_WARN_UNDECLARED_SELECTOR = YES;
				GCC_WARN_UNINITIALIZED_AUTOS = YES_AGGRESSIVE;
				GCC_WARN_UNUSED_FUNCTION = YES;
				GCC_WARN_UNUSED_VARIABLE = YES;
				IPHONEOS_DEPLOYMENT_TARGET = 16.0;
				LOCALIZATION_PREFERS_STRING_CATALOGS = YES;
				MTL_ENABLE_DEBUG_INFO = NO;
				MTL_FAST_MATH = YES;
				SDKROOT = iphoneos;
				SWIFT_COMPILATION_MODE = wholemodule;
				VALIDATE_PRODUCT = YES;
			};
			name = Release;
		};
		83 /* Debug */ = {
			isa = XCBuildConfiguration;
			buildSettings = {
				ASSETCATALOG_COMPILER_APPICON_NAME = AppIcon;
				ASSETCATALOG_COMPILER_GLOBAL_ACCENT_COLOR_NAME = AccentColor;
				CODE_SIGN_ENTITLEMENTS = Seven.entitlements;
				CODE_SIGN_STYLE = Automatic;
				CURRENT_PROJECT_VERSION = 1;
				DEVELOPMENT_TEAM = "";
				ENABLE_PREVIEWS = YES;
				GENERATE_INFOPLIST_FILE = NO;
				INFOPLIST_FILE = Info.plist;
				INFOPLIST_KEY_UIApplicationSceneManifest_Generation = YES;
				INFOPLIST_KEY_UIApplicationSupportsIndirectInputEvents = YES;
				INFOPLIST_KEY_UILaunchScreen_Generation = YES;
				INFOPLIST_KEY_UISupportedInterfaceOrientations_iPad = "UIInterfaceOrientationPortrait UIInterfaceOrientationPortraitUpsideDown UIInterfaceOrientationLandscapeLeft UIInterfaceOrientationLandscapeRight";
				INFOPLIST_KEY_UISupportedInterfaceOrientations_iPhone = "UIInterfaceOrientationPortrait UIInterfaceOrientationLandscapeLeft UIInterfaceOrientationLandscapeRight";
				IPHONEOS_DEPLOYMENT_TARGET = 16.0;
				LD_RUNPATH_SEARCH_PATHS = (
					"$(inherited)",
					"@executable_path/Frameworks",
				);
				MARKETING_VERSION = 1.0;
				PRODUCT_BUNDLE_IDENTIFIER = com.se7en.app;
				PRODUCT_NAME = "$(TARGET_NAME)";
				SWIFT_EMIT_LOC_STRINGS = YES;
				SWIFT_VERSION = 5.0;
				TARGETED_DEVICE_FAMILY = "1,2";
			};
			name = Debug;
		};
		84 /* Release */ = {
			isa = XCBuildConfiguration;
			buildSettings = {
				ASSETCATALOG_COMPILER_APPICON_NAME = AppIcon;
				ASSETCATALOG_COMPILER_GLOBAL_ACCENT_COLOR_NAME = AccentColor;
				CODE_SIGN_ENTITLEMENTS = Seven.entitlements;
				CODE_SIGN_STYLE = Automatic;
				CURRENT_PROJECT_VERSION = 1;
				DEVELOPMENT_TEAM = "";
				ENABLE_PREVIEWS = YES;
				GENERATE_INFOPLIST_FILE = NO;
				INFOPLIST_FILE = Info.plist;
				INFOPLIST_KEY_UIApplicationSceneManifest_Generation = YES;
				INFOPLIST_KEY_UIApplicationSupportsIndirectInputEvents = YES;
				INFOPLIST_KEY_UILaunchScreen_Generation = YES;
				INFOPLIST_KEY_UISupportedInterfaceOrientations_iPad = "UIInterfaceOrientationPortrait UIInterfaceOrientationPortraitUpsideDown UIInterfaceOrientationLandscapeLeft UIInterfaceOrientationLandscapeRight";
				INFOPLIST_KEY_UISupportedInterfaceOrientations_iPhone = "UIInterfaceOrientationPortrait UIInterfaceOrientationLandscapeLeft UIInterfaceOrientationLandscapeRight";
				IPHONEOS_DEPLOYMENT_TARGET = 16.0;
				LD_RUNPATH_SEARCH_PATHS = (
					"$(inherited)",
					"@executable_path/Frameworks",
				);
				MARKETING_VERSION = 1.0;
				PRODUCT_BUNDLE_IDENTIFIER = com.se7en.app;
				PRODUCT_NAME = "$(TARGET_NAME)";
				SWIFT_EMIT_LOC_STRINGS = YES;
				SWIFT_VERSION = 5.0;
				TARGETED_DEVICE_FAMILY = "1,2";
			};
			name = Release;
		};
/* End XCBuildConfiguration section */

/* Begin XCConfigurationList section */
		87 /* Build configuration list for PBXProject "Seven" */ = {
			isa = XCConfigurationList;
			buildConfigurations = (
				81 /* Debug */,
				82 /* Release */,
			);
			defaultConfigurationIsVisible = 0;
			defaultConfigurationName = Release;
		};
		88 /* Build configuration list for PBXNativeTarget "Seven" */ = {
			isa = XCConfigurationList;
			buildConfigurations = (
				83 /* Debug */,
				84 /* Release */,
			);
			defaultConfigurationIsVisible = 0;
			defaultConfigurationName = Release;
		};
/* End XCConfigurationList section */

/* Begin XCVersionGroup section */
		2040 /* SE7ENDataModel.xcdatamodeld */ = {
			isa = XCVersionGroup;
			children = (
				2041 /* SE7ENDataModel.xcdatamodel */,
			);
			currentVersion = 2041 /* SE7ENDataModel.xcdatamodel */;
			path = Models/CoreData/SE7ENDataModel.xcdatamodeld;
			sourceTree = "<group>";
			versionGroupType = wrapper.xcdatamodel;
		};
/* End XCVersionGroup section */
	};
	rootObject = 80 /* Project object */;
}